
Microsoft Visual Studio Solution File, Format Version 12.00
# Visual Studio Version 17
VisualStudioVersion = 17.11.35312.102
MinimumVisualStudioVersion = 10.0.40219.1
Project("{FAE04EC0-301F-11D3-BF4B-00C04F79EFBC}") = "Fall2024-Assignment1-jlcrawford3", "Fall2024-Assignment1-jlcrawford3\Fall2024-Assignment1-jlcrawford3.csproj", "{77429F8D-4FE9-4C69-8F49-A5754E9C40C9}"
EndProject
Global
	GlobalSection(SolutionConfigurationPlatforms) = preSolution
		Debug|Any CPU = Debug|Any CPU
		Release|Any CPU = Release|Any CPU
	EndGlobalSection
	GlobalSection(ProjectConfigurationPlatforms) = postSolution
		{77429F8D-4FE9-4C69-8F49-A5754E9C40C9}.Debug|Any CPU.ActiveCfg = Debug|Any CPU
		{77429F8D-4FE9-4C69-8F49-A5754E9C40C9}.Debug|Any CPU.Build.0 = Debug|Any CPU
		{77429F8D-4FE9-4C69-8F49-A5754E9C40C9}.Release|Any CPU.ActiveCfg = Release|Any CPU
		{77429F8D-4FE9-4C69-8F49-A5754E9C40C9}.Release|Any CPU.Build.0 = Release|Any CPU
	EndGlobalSection
	GlobalSection(SolutionProperties) = preSolution
		HideSolutionNode = FALSE
	EndGlobalSection
	GlobalSection(ExtensibilityGlobals) = postSolution
		SolutionGuid = {0C8E29DB-636D-4F29-9AC7-A8E6A7D91C5B}
	EndGlobalSection
EndGlobal
